# This file is automatically @generated by Poetry 1.5.1 and should not be changed by hand.

[[package]]
name = "greenlet"
version = "3.1.1"
description = "Lightweight in-process concurrent programming"
optional = false
python-versions = ">=3.7"
files = [
    {file = "greenlet-3.1.1-cp310-cp310-macosx_11_0_universal2.whl", hash = "sha256:0bbae94a29c9e5c7e4a2b7f0aae5c17e8e90acbfd3bf6270eeba60c39fce3563"},
    {file = "greenlet-3.1.1-cp310-cp310-manylinux_2_17_aarch64.manylinux2014_aarch64.whl", hash = "sha256:0fde093fb93f35ca72a556cf72c92ea3ebfda3d79fc35bb19fbe685853869a83"},
    {file = "greenlet-3.1.1-cp310-cp310-manylinux_2_17_ppc64le.manylinux2014_ppc64le.whl", hash = "sha256:36b89d13c49216cadb828db8dfa6ce86bbbc476a82d3a6c397f0efae0525bdd0"},
    {file = "greenlet-3.1.1-cp310-cp310-manylinux_2_17_s390x.manylinux2014_s390x.whl", hash = "sha256:94b6150a85e1b33b40b1464a3f9988dcc5251d6ed06842abff82e42632fac120"},
    {file = "greenlet-3.1.1-cp310-cp310-manylinux_2_17_x86_64.manylinux2014_x86_64.whl", hash = "sha256:93147c513fac16385d1036b7e5b102c7fbbdb163d556b791f0f11eada7ba65dc"},
    {file = "greenlet-3.1.1-cp310-cp310-manylinux_2_24_x86_64.manylinux_2_28_x86_64.whl", hash = "sha256:da7a9bff22ce038e19bf62c4dd1ec8391062878710ded0a845bcf47cc0200617"},
    {file = "greenlet-3.1.1-cp310-cp310-musllinux_1_1_aarch64.whl", hash = "sha256:b2795058c23988728eec1f36a4e5e4ebad22f8320c85f3587b539b9ac84128d7"},
    {file = "greenlet-3.1.1-cp310-cp310-musllinux_1_1_x86_64.whl", hash = "sha256:ed10eac5830befbdd0c32f83e8aa6288361597550ba669b04c48f0f9a2c843c6"},
    {file = "greenlet-3.1.1-cp310-cp310-win_amd64.whl", hash = "sha256:77c386de38a60d1dfb8e55b8c1101d68c79dfdd25c7095d51fec2dd800892b80"},
    {file = "greenlet-3.1.1-cp311-cp311-macosx_11_0_universal2.whl", hash = "sha256:e4d333e558953648ca09d64f13e6d8f0523fa705f51cae3f03b5983489958c70"},
    {file = "greenlet-3.1.1-cp311-cp311-manylinux_2_17_aarch64.manylinux2014_aarch64.whl", hash = "sha256:09fc016b73c94e98e29af67ab7b9a879c307c6731a2c9da0db5a7d9b7edd1159"},
    {file = "greenlet-3.1.1-cp311-cp311-manylinux_2_17_ppc64le.manylinux2014_ppc64le.whl", hash = "sha256:d5e975ca70269d66d17dd995dafc06f1b06e8cb1ec1e9ed54c1d1e4a7c4cf26e"},
    {file = "greenlet-3.1.1-cp311-cp311-manylinux_2_17_s390x.manylinux2014_s390x.whl", hash = "sha256:3b2813dc3de8c1ee3f924e4d4227999285fd335d1bcc0d2be6dc3f1f6a318ec1"},
    {file = "greenlet-3.1.1-cp311-cp311-manylinux_2_17_x86_64.manylinux2014_x86_64.whl", hash = "sha256:e347b3bfcf985a05e8c0b7d462ba6f15b1ee1c909e2dcad795e49e91b152c383"},
    {file = "greenlet-3.1.1-cp311-cp311-manylinux_2_24_x86_64.manylinux_2_28_x86_64.whl", hash = "sha256:9e8f8c9cb53cdac7ba9793c276acd90168f416b9ce36799b9b885790f8ad6c0a"},
    {file = "greenlet-3.1.1-cp311-cp311-musllinux_1_1_aarch64.whl", hash = "sha256:62ee94988d6b4722ce0028644418d93a52429e977d742ca2ccbe1c4f4a792511"},
    {file = "greenlet-3.1.1-cp311-cp311-musllinux_1_1_x86_64.whl", hash = "sha256:1776fd7f989fc6b8d8c8cb8da1f6b82c5814957264d1f6cf818d475ec2bf6395"},
    {file = "greenlet-3.1.1-cp311-cp311-win_amd64.whl", hash = "sha256:48ca08c771c268a768087b408658e216133aecd835c0ded47ce955381105ba39"},
    {file = "greenlet-3.1.1-cp312-cp312-macosx_11_0_universal2.whl", hash = "sha256:4afe7ea89de619adc868e087b4d2359282058479d7cfb94970adf4b55284574d"},
    {file = "greenlet-3.1.1-cp312-cp312-manylinux_2_17_aarch64.manylinux2014_aarch64.whl", hash = "sha256:f406b22b7c9a9b4f8aa9d2ab13d6ae0ac3e85c9a809bd590ad53fed2bf70dc79"},
    {file = "greenlet-3.1.1-cp312-cp312-manylinux_2_17_ppc64le.manylinux2014_ppc64le.whl", hash = "sha256:c3a701fe5a9695b238503ce5bbe8218e03c3bcccf7e204e455e7462d770268aa"},
    {file = "greenlet-3.1.1-cp312-cp312-manylinux_2_17_s390x.manylinux2014_s390x.whl", hash = "sha256:2846930c65b47d70b9d178e89c7e1a69c95c1f68ea5aa0a58646b7a96df12441"},
    {file = "greenlet-3.1.1-cp312-cp312-manylinux_2_17_x86_64.manylinux2014_x86_64.whl", hash = "sha256:99cfaa2110534e2cf3ba31a7abcac9d328d1d9f1b95beede58294a60348fba36"},
    {file = "greenlet-3.1.1-cp312-cp312-manylinux_2_24_x86_64.manylinux_2_28_x86_64.whl", hash = "sha256:1443279c19fca463fc33e65ef2a935a5b09bb90f978beab37729e1c3c6c25fe9"},
    {file = "greenlet-3.1.1-cp312-cp312-musllinux_1_1_aarch64.whl", hash = "sha256:b7cede291382a78f7bb5f04a529cb18e068dd29e0fb27376074b6d0317bf4dd0"},
    {file = "greenlet-3.1.1-cp312-cp312-musllinux_1_1_x86_64.whl", hash = "sha256:23f20bb60ae298d7d8656c6ec6db134bca379ecefadb0b19ce6f19d1f232a942"},
    {file = "greenlet-3.1.1-cp312-cp312-win_amd64.whl", hash = "sha256:7124e16b4c55d417577c2077be379514321916d5790fa287c9ed6f23bd2ffd01"},
    {file = "greenlet-3.1.1-cp313-cp313-macosx_11_0_universal2.whl", hash = "sha256:05175c27cb459dcfc05d026c4232f9de8913ed006d42713cb8a5137bd49375f1"},
    {file = "greenlet-3.1.1-cp313-cp313-manylinux_2_17_aarch64.manylinux2014_aarch64.whl", hash = "sha256:935e943ec47c4afab8965954bf49bfa639c05d4ccf9ef6e924188f762145c0ff"},
    {file = "greenlet-3.1.1-cp313-cp313-manylinux_2_17_ppc64le.manylinux2014_ppc64le.whl", hash = "sha256:667a9706c970cb552ede35aee17339a18e8f2a87a51fba2ed39ceeeb1004798a"},
    {file = "greenlet-3.1.1-cp313-cp313-manylinux_2_17_s390x.manylinux2014_s390x.whl", hash = "sha256:b8a678974d1f3aa55f6cc34dc480169d58f2e6d8958895d68845fa4ab566509e"},
    {file = "greenlet-3.1.1-cp313-cp313-manylinux_2_17_x86_64.manylinux2014_x86_64.whl", hash = "sha256:efc0f674aa41b92da8c49e0346318c6075d734994c3c4e4430b1c3f853e498e4"},
    {file = "greenlet-3.1.1-cp313-cp313-manylinux_2_24_x86_64.manylinux_2_28_x86_64.whl", hash = "sha256:0153404a4bb921f0ff1abeb5ce8a5131da56b953eda6e14b88dc6bbc04d2049e"},
    {file = "greenlet-3.1.1-cp313-cp313-musllinux_1_1_aarch64.whl", hash = "sha256:275f72decf9932639c1c6dd1013a1bc266438eb32710016a1c742df5da6e60a1"},
    {file = "greenlet-3.1.1-cp313-cp313-musllinux_1_1_x86_64.whl", hash = "sha256:c4aab7f6381f38a4b42f269057aee279ab0fc7bf2e929e3d4abfae97b682a12c"},
    {file = "greenlet-3.1.1-cp313-cp313-win_amd64.whl", hash = "sha256:b42703b1cf69f2aa1df7d1030b9d77d3e584a70755674d60e710f0af570f3761"},
    {file = "greenlet-3.1.1-cp313-cp313t-manylinux_2_17_aarch64.manylinux2014_aarch64.whl", hash = "sha256:f1695e76146579f8c06c1509c7ce4dfe0706f49c6831a817ac04eebb2fd02011"},
    {file = "greenlet-3.1.1-cp313-cp313t-manylinux_2_17_ppc64le.manylinux2014_ppc64le.whl", hash = "sha256:7876452af029456b3f3549b696bb36a06db7c90747740c5302f74a9e9fa14b13"},
    {file = "greenlet-3.1.1-cp313-cp313t-manylinux_2_17_s390x.manylinux2014_s390x.whl", hash = "sha256:4ead44c85f8ab905852d3de8d86f6f8baf77109f9da589cb4fa142bd3b57b475"},
    {file = "greenlet-3.1.1-cp313-cp313t-manylinux_2_17_x86_64.manylinux2014_x86_64.whl", hash = "sha256:8320f64b777d00dd7ccdade271eaf0cad6636343293a25074cc5566160e4de7b"},
    {file = "greenlet-3.1.1-cp313-cp313t-manylinux_2_24_x86_64.manylinux_2_28_x86_64.whl", hash = "sha256:6510bf84a6b643dabba74d3049ead221257603a253d0a9873f55f6a59a65f822"},
    {file = "greenlet-3.1.1-cp313-cp313t-musllinux_1_1_aarch64.whl", hash = "sha256:04b013dc07c96f83134b1e99888e7a79979f1a247e2a9f59697fa14b5862ed01"},
    {file = "greenlet-3.1.1-cp313-cp313t-musllinux_1_1_x86_64.whl", hash = "sha256:411f015496fec93c1c8cd4e5238da364e1da7a124bcb293f085bf2860c32c6f6"},
    {file = "greenlet-3.1.1-cp37-cp37m-manylinux_2_17_aarch64.manylinux2014_aarch64.whl", hash = "sha256:47da355d8687fd65240c364c90a31569a133b7b60de111c255ef5b606f2ae291"},
    {file = "greenlet-3.1.1-cp37-cp37m-manylinux_2_17_ppc64le.manylinux2014_ppc64le.whl", hash = "sha256:98884ecf2ffb7d7fe6bd517e8eb99d31ff7855a840fa6d0d63cd07c037f6a981"},
    {file = "greenlet-3.1.1-cp37-cp37m-manylinux_2_17_s390x.manylinux2014_s390x.whl", hash = "sha256:f1d4aeb8891338e60d1ab6127af1fe45def5259def8094b9c7e34690c8858803"},
    {file = "greenlet-3.1.1-cp37-cp37m-manylinux_2_17_x86_64.manylinux2014_x86_64.whl", hash = "sha256:db32b5348615a04b82240cc67983cb315309e88d444a288934ee6ceaebcad6cc"},
    {file = "greenlet-3.1.1-cp37-cp37m-manylinux_2_24_x86_64.manylinux_2_28_x86_64.whl", hash = "sha256:dcc62f31eae24de7f8dce72134c8651c58000d3b1868e01392baea7c32c247de"},
    {file = "greenlet-3.1.1-cp37-cp37m-musllinux_1_1_aarch64.whl", hash = "sha256:1d3755bcb2e02de341c55b4fca7a745a24a9e7212ac953f6b3a48d117d7257aa"},
    {file = "greenlet-3.1.1-cp37-cp37m-musllinux_1_1_x86_64.whl", hash = "sha256:b8da394b34370874b4572676f36acabac172602abf054cbc4ac910219f3340af"},
    {file = "greenlet-3.1.1-cp37-cp37m-win32.whl", hash = "sha256:a0dfc6c143b519113354e780a50381508139b07d2177cb6ad6a08278ec655798"},
    {file = "greenlet-3.1.1-cp37-cp37m-win_amd64.whl", hash = "sha256:54558ea205654b50c438029505def3834e80f0869a70fb15b871c29b4575ddef"},
    {file = "greenlet-3.1.1-cp38-cp38-macosx_11_0_universal2.whl", hash = "sha256:346bed03fe47414091be4ad44786d1bd8bef0c3fcad6ed3dee074a032ab408a9"},
    {file = "greenlet-3.1.1-cp38-cp38-manylinux_2_17_aarch64.manylinux2014_aarch64.whl", hash = "sha256:dfc59d69fc48664bc693842bd57acfdd490acafda1ab52c7836e3fc75c90a111"},
    {file = "greenlet-3.1.1-cp38-cp38-manylinux_2_17_ppc64le.manylinux2014_ppc64le.whl", hash = "sha256:d21e10da6ec19b457b82636209cbe2331ff4306b54d06fa04b7c138ba18c8a81"},
    {file = "greenlet-3.1.1-cp38-cp38-manylinux_2_17_s390x.manylinux2014_s390x.whl", hash = "sha256:37b9de5a96111fc15418819ab4c4432e4f3c2ede61e660b1e33971eba26ef9ba"},
    {file = "greenlet-3.1.1-cp38-cp38-manylinux_2_17_x86_64.manylinux2014_x86_64.whl", hash = "sha256:6ef9ea3f137e5711f0dbe5f9263e8c009b7069d8a1acea822bd5e9dae0ae49c8"},
    {file = "greenlet-3.1.1-cp38-cp38-manylinux_2_24_x86_64.manylinux_2_28_x86_64.whl", hash = "sha256:85f3ff71e2e60bd4b4932a043fbbe0f499e263c628390b285cb599154a3b03b1"},
    {file = "greenlet-3.1.1-cp38-cp38-musllinux_1_1_aarch64.whl", hash = "sha256:95ffcf719966dd7c453f908e208e14cde192e09fde6c7186c8f1896ef778d8cd"},
    {file = "greenlet-3.1.1-cp38-cp38-musllinux_1_1_x86_64.whl", hash = "sha256:03a088b9de532cbfe2ba2034b2b85e82df37874681e8c470d6fb2f8c04d7e4b7"},
    {file = "greenlet-3.1.1-cp38-cp38-win32.whl", hash = "sha256:8b8b36671f10ba80e159378df9c4f15c14098c4fd73a36b9ad715f057272fbef"},
    {file = "greenlet-3.1.1-cp38-cp38-win_amd64.whl", hash = "sha256:7017b2be767b9d43cc31416aba48aab0d2309ee31b4dbf10a1d38fb7972bdf9d"},
    {file = "greenlet-3.1.1-cp39-cp39-macosx_11_0_universal2.whl", hash = "sha256:396979749bd95f018296af156201d6211240e7a23090f50a8d5d18c370084dc3"},
    {file = "greenlet-3.1.1-cp39-cp39-manylinux_2_17_aarch64.manylinux2014_aarch64.whl", hash = "sha256:ca9d0ff5ad43e785350894d97e13633a66e2b50000e8a183a50a88d834752d42"},
    {file = "greenlet-3.1.1-cp39-cp39-manylinux_2_17_ppc64le.manylinux2014_ppc64le.whl", hash = "sha256:f6ff3b14f2df4c41660a7dec01045a045653998784bf8cfcb5a525bdffffbc8f"},
    {file = "greenlet-3.1.1-cp39-cp39-manylinux_2_17_s390x.manylinux2014_s390x.whl", hash = "sha256:94ebba31df2aa506d7b14866fed00ac141a867e63143fe5bca82a8e503b36437"},
    {file = "greenlet-3.1.1-cp39-cp39-manylinux_2_17_x86_64.manylinux2014_x86_64.whl", hash = "sha256:73aaad12ac0ff500f62cebed98d8789198ea0e6f233421059fa68a5aa7220145"},
    {file = "greenlet-3.1.1-cp39-cp39-manylinux_2_24_x86_64.manylinux_2_28_x86_64.whl", hash = "sha256:63e4844797b975b9af3a3fb8f7866ff08775f5426925e1e0bbcfe7932059a12c"},
    {file = "greenlet-3.1.1-cp39-cp39-musllinux_1_1_aarch64.whl", hash = "sha256:7939aa3ca7d2a1593596e7ac6d59391ff30281ef280d8632fa03d81f7c5f955e"},
    {file = "greenlet-3.1.1-cp39-cp39-musllinux_1_1_x86_64.whl", hash = "sha256:d0028e725ee18175c6e422797c407874da24381ce0690d6b9396c204c7f7276e"},
    {file = "greenlet-3.1.1-cp39-cp39-win32.whl", hash = "sha256:5e06afd14cbaf9e00899fae69b24a32f2196c19de08fcb9f4779dd4f004e5e7c"},
    {file = "greenlet-3.1.1-cp39-cp39-win_amd64.whl", hash = "sha256:3319aa75e0e0639bc15ff54ca327e8dc7a6fe404003496e3c6925cd3142e0e22"},
    {file = "greenlet-3.1.1.tar.gz", hash = "sha256:4ce3ac6cdb6adf7946475d7ef31777c26d94bccc377e070a7986bd2d5c515467"},
]

[package.extras]
docs = ["Sphinx", "furo"]
test = ["objgraph", "psutil"]

[[package]]
name = "mpmath"
version = "1.3.0"
description = "Python library for arbitrary-precision floating-point arithmetic"
optional = false
python-versions = "*"
files = [
    {file = "mpmath-1.3.0-py3-none-any.whl", hash = "sha256:a0b2b9fe80bbcd81a6647ff13108738cfb482d481d826cc0e02f5b35e5c88d2c"},
    {file = "mpmath-1.3.0.tar.gz", hash = "sha256:7a28eb2a9774d00c7bc92411c19a89209d5da7c4c9a9e227be8330a23a25b91f"},
]

[package.extras]
develop = ["codecov", "pycodestyle", "pytest (>=4.6)", "pytest-cov", "wheel"]
docs = ["sphinx"]
gmpy = ["gmpy2 (>=2.1.0a4)"]
tests = ["pytest (>=4.6)"]

[[package]]
name = "sqlalchemy"
version = "2.0.38"
description = "Database Abstraction Library"
optional = false
python-versions = ">=3.7"
files = [
    {file = "SQLAlchemy-2.0.38-cp310-cp310-macosx_10_9_x86_64.whl", hash = "sha256:5e1d9e429028ce04f187a9f522818386c8b076723cdbe9345708384f49ebcec6"},
    {file = "SQLAlchemy-2.0.38-cp310-cp310-macosx_11_0_arm64.whl", hash = "sha256:b87a90f14c68c925817423b0424381f0e16d80fc9a1a1046ef202ab25b19a444"},
    {file = "SQLAlchemy-2.0.38-cp310-cp310-manylinux_2_17_aarch64.manylinux2014_aarch64.whl", hash = "sha256:402c2316d95ed90d3d3c25ad0390afa52f4d2c56b348f212aa9c8d072a40eee5"},
    {file = "SQLAlchemy-2.0.38-cp310-cp310-manylinux_2_17_x86_64.manylinux2014_x86_64.whl", hash = "sha256:6493bc0eacdbb2c0f0d260d8988e943fee06089cd239bd7f3d0c45d1657a70e2"},
    {file = "SQLAlchemy-2.0.38-cp310-cp310-musllinux_1_2_aarch64.whl", hash = "sha256:0561832b04c6071bac3aad45b0d3bb6d2c4f46a8409f0a7a9c9fa6673b41bc03"},
    {file = "SQLAlchemy-2.0.38-cp310-cp310-musllinux_1_2_x86_64.whl", hash = "sha256:49aa2cdd1e88adb1617c672a09bf4ebf2f05c9448c6dbeba096a3aeeb9d4d443"},
    {file = "SQLAlchemy-2.0.38-cp310-cp310-win32.whl", hash = "sha256:64aa8934200e222f72fcfd82ee71c0130a9c07d5725af6fe6e919017d095b297"},
    {file = "SQLAlchemy-2.0.38-cp310-cp310-win_amd64.whl", hash = "sha256:c57b8e0841f3fce7b703530ed70c7c36269c6d180ea2e02e36b34cb7288c50c7"},
    {file = "SQLAlchemy-2.0.38-cp311-cp311-macosx_10_9_x86_64.whl", hash = "sha256:bf89e0e4a30714b357f5d46b6f20e0099d38b30d45fa68ea48589faf5f12f62d"},
    {file = "SQLAlchemy-2.0.38-cp311-cp311-macosx_11_0_arm64.whl", hash = "sha256:8455aa60da49cb112df62b4721bd8ad3654a3a02b9452c783e651637a1f21fa2"},
    {file = "SQLAlchemy-2.0.38-cp311-cp311-manylinux_2_17_aarch64.manylinux2014_aarch64.whl", hash = "sha256:f53c0d6a859b2db58332e0e6a921582a02c1677cc93d4cbb36fdf49709b327b2"},
    {file = "SQLAlchemy-2.0.38-cp311-cp311-manylinux_2_17_x86_64.manylinux2014_x86_64.whl", hash = "sha256:b3c4817dff8cef5697f5afe5fec6bc1783994d55a68391be24cb7d80d2dbc3a6"},
    {file = "SQLAlchemy-2.0.38-cp311-cp311-musllinux_1_2_aarch64.whl", hash = "sha256:c9cea5b756173bb86e2235f2f871b406a9b9d722417ae31e5391ccaef5348f2c"},
    {file = "SQLAlchemy-2.0.38-cp311-cp311-musllinux_1_2_x86_64.whl", hash = "sha256:40e9cdbd18c1f84631312b64993f7d755d85a3930252f6276a77432a2b25a2f3"},
    {file = "SQLAlchemy-2.0.38-cp311-cp311-win32.whl", hash = "sha256:cb39ed598aaf102251483f3e4675c5dd6b289c8142210ef76ba24aae0a8f8aba"},
    {file = "SQLAlchemy-2.0.38-cp311-cp311-win_amd64.whl", hash = "sha256:f9d57f1b3061b3e21476b0ad5f0397b112b94ace21d1f439f2db472e568178ae"},
    {file = "SQLAlchemy-2.0.38-cp312-cp312-macosx_10_13_x86_64.whl", hash = "sha256:12d5b06a1f3aeccf295a5843c86835033797fea292c60e72b07bcb5d820e6dd3"},
    {file = "SQLAlchemy-2.0.38-cp312-cp312-macosx_11_0_arm64.whl", hash = "sha256:e036549ad14f2b414c725349cce0772ea34a7ab008e9cd67f9084e4f371d1f32"},
    {file = "SQLAlchemy-2.0.38-cp312-cp312-manylinux_2_17_aarch64.manylinux2014_aarch64.whl", hash = "sha256:ee3bee874cb1fadee2ff2b79fc9fc808aa638670f28b2145074538d4a6a5028e"},
    {file = "SQLAlchemy-2.0.38-cp312-cp312-manylinux_2_17_x86_64.manylinux2014_x86_64.whl", hash = "sha256:e185ea07a99ce8b8edfc788c586c538c4b1351007e614ceb708fd01b095ef33e"},
    {file = "SQLAlchemy-2.0.38-cp312-cp312-musllinux_1_2_aarch64.whl", hash = "sha256:b79ee64d01d05a5476d5cceb3c27b5535e6bb84ee0f872ba60d9a8cd4d0e6579"},
    {file = "SQLAlchemy-2.0.38-cp312-cp312-musllinux_1_2_x86_64.whl", hash = "sha256:afd776cf1ebfc7f9aa42a09cf19feadb40a26366802d86c1fba080d8e5e74bdd"},
    {file = "SQLAlchemy-2.0.38-cp312-cp312-win32.whl", hash = "sha256:a5645cd45f56895cfe3ca3459aed9ff2d3f9aaa29ff7edf557fa7a23515a3725"},
    {file = "SQLAlchemy-2.0.38-cp312-cp312-win_amd64.whl", hash = "sha256:1052723e6cd95312f6a6eff9a279fd41bbae67633415373fdac3c430eca3425d"},
    {file = "SQLAlchemy-2.0.38-cp313-cp313-macosx_10_13_x86_64.whl", hash = "sha256:ecef029b69843b82048c5b347d8e6049356aa24ed644006c9a9d7098c3bd3bfd"},
    {file = "SQLAlchemy-2.0.38-cp313-cp313-macosx_11_0_arm64.whl", hash = "sha256:9c8bcad7fc12f0cc5896d8e10fdf703c45bd487294a986903fe032c72201596b"},
    {file = "SQLAlchemy-2.0.38-cp313-cp313-manylinux_2_17_aarch64.manylinux2014_aarch64.whl", hash = "sha256:2a0ef3f98175d77180ffdc623d38e9f1736e8d86b6ba70bff182a7e68bed7727"},
    {file = "SQLAlchemy-2.0.38-cp313-cp313-manylinux_2_17_x86_64.manylinux2014_x86_64.whl", hash = "sha256:8b0ac78898c50e2574e9f938d2e5caa8fe187d7a5b69b65faa1ea4648925b096"},
    {file = "SQLAlchemy-2.0.38-cp313-cp313-musllinux_1_2_aarch64.whl", hash = "sha256:9eb4fa13c8c7a2404b6a8e3772c17a55b1ba18bc711e25e4d6c0c9f5f541b02a"},
    {file = "SQLAlchemy-2.0.38-cp313-cp313-musllinux_1_2_x86_64.whl", hash = "sha256:5dba1cdb8f319084f5b00d41207b2079822aa8d6a4667c0f369fce85e34b0c86"},
    {file = "SQLAlchemy-2.0.38-cp313-cp313-win32.whl", hash = "sha256:eae27ad7580529a427cfdd52c87abb2dfb15ce2b7a3e0fc29fbb63e2ed6f8120"},
    {file = "SQLAlchemy-2.0.38-cp313-cp313-win_amd64.whl", hash = "sha256:b335a7c958bc945e10c522c069cd6e5804f4ff20f9a744dd38e748eb602cbbda"},
    {file = "SQLAlchemy-2.0.38-cp37-cp37m-macosx_10_9_x86_64.whl", hash = "sha256:40310db77a55512a18827488e592965d3dec6a3f1e3d8af3f8243134029daca3"},
    {file = "SQLAlchemy-2.0.38-cp37-cp37m-manylinux_2_17_aarch64.manylinux2014_aarch64.whl", hash = "sha256:3d3043375dd5bbcb2282894cbb12e6c559654c67b5fffb462fda815a55bf93f7"},
    {file = "SQLAlchemy-2.0.38-cp37-cp37m-manylinux_2_17_x86_64.manylinux2014_x86_64.whl", hash = "sha256:70065dfabf023b155a9c2a18f573e47e6ca709b9e8619b2e04c54d5bcf193178"},
    {file = "SQLAlchemy-2.0.38-cp37-cp37m-musllinux_1_2_aarch64.whl", hash = "sha256:c058b84c3b24812c859300f3b5abf300daa34df20d4d4f42e9652a4d1c48c8a4"},
    {file = "SQLAlchemy-2.0.38-cp37-cp37m-musllinux_1_2_x86_64.whl", hash = "sha256:0398361acebb42975deb747a824b5188817d32b5c8f8aba767d51ad0cc7bb08d"},
    {file = "SQLAlchemy-2.0.38-cp37-cp37m-win32.whl", hash = "sha256:a2bc4e49e8329f3283d99840c136ff2cd1a29e49b5624a46a290f04dff48e079"},
    {file = "SQLAlchemy-2.0.38-cp37-cp37m-win_amd64.whl", hash = "sha256:9cd136184dd5f58892f24001cdce986f5d7e96059d004118d5410671579834a4"},
    {file = "SQLAlchemy-2.0.38-cp38-cp38-macosx_10_9_x86_64.whl", hash = "sha256:665255e7aae5f38237b3a6eae49d2358d83a59f39ac21036413fab5d1e810578"},
    {file = "SQLAlchemy-2.0.38-cp38-cp38-macosx_11_0_arm64.whl", hash = "sha256:92f99f2623ff16bd4aaf786ccde759c1f676d39c7bf2855eb0b540e1ac4530c8"},
    {file = "SQLAlchemy-2.0.38-cp38-cp38-manylinux_2_17_aarch64.manylinux2014_aarch64.whl", hash = "sha256:aa498d1392216fae47eaf10c593e06c34476ced9549657fca713d0d1ba5f7248"},
    {file = "SQLAlchemy-2.0.38-cp38-cp38-manylinux_2_17_x86_64.manylinux2014_x86_64.whl", hash = "sha256:a9afbc3909d0274d6ac8ec891e30210563b2c8bdd52ebbda14146354e7a69373"},
    {file = "SQLAlchemy-2.0.38-cp38-cp38-musllinux_1_2_aarch64.whl", hash = "sha256:57dd41ba32430cbcc812041d4de8d2ca4651aeefad2626921ae2a23deb8cd6ff"},
    {file = "SQLAlchemy-2.0.38-cp38-cp38-musllinux_1_2_x86_64.whl", hash = "sha256:3e35d5565b35b66905b79ca4ae85840a8d40d31e0b3e2990f2e7692071b179ca"},
    {file = "SQLAlchemy-2.0.38-cp38-cp38-win32.whl", hash = "sha256:f0d3de936b192980209d7b5149e3c98977c3810d401482d05fb6d668d53c1c63"},
    {file = "SQLAlchemy-2.0.38-cp38-cp38-win_amd64.whl", hash = "sha256:3868acb639c136d98107c9096303d2d8e5da2880f7706f9f8c06a7f961961149"},
    {file = "SQLAlchemy-2.0.38-cp39-cp39-macosx_10_9_x86_64.whl", hash = "sha256:07258341402a718f166618470cde0c34e4cec85a39767dce4e24f61ba5e667ea"},
    {file = "SQLAlchemy-2.0.38-cp39-cp39-macosx_11_0_arm64.whl", hash = "sha256:0a826f21848632add58bef4f755a33d45105d25656a0c849f2dc2df1c71f6f50"},
    {file = "SQLAlchemy-2.0.38-cp39-cp39-manylinux_2_17_aarch64.manylinux2014_aarch64.whl", hash = "sha256:386b7d136919bb66ced64d2228b92d66140de5fefb3c7df6bd79069a269a7b06"},
    {file = "SQLAlchemy-2.0.38-cp39-cp39-manylinux_2_17_x86_64.manylinux2014_x86_64.whl", hash = "sha256:2f2951dc4b4f990a4b394d6b382accb33141d4d3bd3ef4e2b27287135d6bdd68"},
    {file = "SQLAlchemy-2.0.38-cp39-cp39-musllinux_1_2_aarch64.whl", hash = "sha256:8bf312ed8ac096d674c6aa9131b249093c1b37c35db6a967daa4c84746bc1bc9"},
    {file = "SQLAlchemy-2.0.38-cp39-cp39-musllinux_1_2_x86_64.whl", hash = "sha256:6db316d6e340f862ec059dc12e395d71f39746a20503b124edc255973977b728"},
    {file = "SQLAlchemy-2.0.38-cp39-cp39-win32.whl", hash = "sha256:c09a6ea87658695e527104cf857c70f79f14e9484605e205217aae0ec27b45fc"},
    {file = "SQLAlchemy-2.0.38-cp39-cp39-win_amd64.whl", hash = "sha256:12f5c9ed53334c3ce719155424dc5407aaa4f6cadeb09c5b627e06abb93933a1"},
    {file = "SQLAlchemy-2.0.38-py3-none-any.whl", hash = "sha256:63178c675d4c80def39f1febd625a6333f44c0ba269edd8a468b156394b27753"},
    {file = "sqlalchemy-2.0.38.tar.gz", hash = "sha256:e5a4d82bdb4bf1ac1285a68eab02d253ab73355d9f0fe725a97e1e0fa689decb"},
]

[package.dependencies]
greenlet = {version = "!=0.4.17", markers = "python_version < \"3.14\" and (platform_machine == \"win32\" or platform_machine == \"WIN32\" or platform_machine == \"AMD64\" or platform_machine == \"amd64\" or platform_machine == \"x86_64\" or platform_machine == \"ppc64le\" or platform_machine == \"aarch64\")"}
typing-extensions = ">=4.6.0"

[package.extras]
aiomysql = ["aiomysql (>=0.2.0)", "greenlet (!=0.4.17)"]
aioodbc = ["aioodbc", "greenlet (!=0.4.17)"]
aiosqlite = ["aiosqlite", "greenlet (!=0.4.17)", "typing_extensions (!=3.10.0.1)"]
asyncio = ["greenlet (!=0.4.17)"]
asyncmy = ["asyncmy (>=0.2.3,!=0.2.4,!=0.2.6)", "greenlet (!=0.4.17)"]
mariadb-connector = ["mariadb (>=1.0.1,!=1.1.2,!=1.1.5,!=1.1.10)"]
mssql = ["pyodbc"]
mssql-pymssql = ["pymssql"]
mssql-pyodbc = ["pyodbc"]
mypy = ["mypy (>=0.910)"]
mysql = ["mysqlclient (>=1.4.0)"]
mysql-connector = ["mysql-connector-python"]
oracle = ["cx_oracle (>=8)"]
oracle-oracledb = ["oracledb (>=1.0.1)"]
postgresql = ["psycopg2 (>=2.7)"]
postgresql-asyncpg = ["asyncpg", "greenlet (!=0.4.17)"]
postgresql-pg8000 = ["pg8000 (>=1.29.1)"]
postgresql-psycopg = ["psycopg (>=3.0.7)"]
postgresql-psycopg2binary = ["psycopg2-binary"]
postgresql-psycopg2cffi = ["psycopg2cffi"]
postgresql-psycopgbinary = ["psycopg[binary] (>=3.0.7)"]
pymysql = ["pymysql"]
sqlcipher = ["sqlcipher3_binary"]

[[package]]
name = "sympy"
version = "1.13.3"
description = "Computer algebra system (CAS) in Python"
optional = false
python-versions = ">=3.8"
files = [
    {file = "sympy-1.13.3-py3-none-any.whl", hash = "sha256:54612cf55a62755ee71824ce692986f23c88ffa77207b30c1368eda4a7060f73"},
    {file = "sympy-1.13.3.tar.gz", hash = "sha256:b27fd2c6530e0ab39e275fc9b683895367e51d5da91baa8d3d64db2565fec4d9"},
]

[package.dependencies]
mpmath = ">=1.1.0,<1.4"

[package.extras]
dev = ["hypothesis (>=6.70.0)", "pytest (>=7.1.0)"]

[[package]]
name = "typing-extensions"
version = "4.12.2"
description = "Backported and Experimental Type Hints for Python 3.8+"
optional = false
python-versions = ">=3.8"
files = [
    {file = "typing_extensions-4.12.2-py3-none-any.whl", hash = "sha256:04e5ca0351e0f3f85c6853954072df659d0d13fac324d0072316b67d7794700d"},
    {file = "typing_extensions-4.12.2.tar.gz", hash = "sha256:1a7ead55c7e559dd4dee8856e3a88b41225abfe1ce8df57b7c13915fe121ffb8"},
]

[metadata]
lock-version = "2.0"
python-versions = "^3.8"
content-hash = "be9c42105cada42cc6d49c7708760d1fbdb64d36a81476eae81b429eafb8fd91"
